
Microsoft Visual Studio Solution File, Format Version 12.00
# Visual Studio Version 17
VisualStudioVersion = 17.6.33815.320
MinimumVisualStudioVersion = 10.0.40219.1
Project("{FAE04EC0-301F-11D3-BF4B-00C04F79EFBC}") = "DartInterop", "DartInterop\DartInterop.csproj", "{4923DF75-BB57-4BF8-B0AA-F1F981F44F19}"
EndProject
Global
	GlobalSection(SolutionConfigurationPlatforms) = preSolution
		Debug|Any CPU = Debug|Any CPU
		Release|Any CPU = Release|Any CPU
	EndGlobalSection
	GlobalSection(ProjectConfigurationPlatforms) = postSolution
		{4923DF75-BB57-4BF8-B0AA-F1F981F44F19}.Debug|Any CPU.ActiveCfg = Debug|Any CPU
		{4923DF75-BB57-4BF8-B0AA-F1F981F44F19}.Debug|Any CPU.Build.0 = Debug|Any CPU
		{4923DF75-BB57-4BF8-B0AA-F1F981F44F19}.Release|Any CPU.ActiveCfg = Release|Any CPU
		{4923DF75-BB57-4BF8-B0AA-F1F981F44F19}.Release|Any CPU.Build.0 = Release|Any CPU
	EndGlobalSection
	GlobalSection(SolutionProperties) = preSolution
		HideSolutionNode = FALSE
	EndGlobalSection
	GlobalSection(ExtensibilityGlobals) = postSolution
		SolutionGuid = {5DBE6851-E102-413F-BA1C-3C358A07D084}
	EndGlobalSection
EndGlobal
